
Microsoft Visual Studio Solution File, Format Version 12.00
# Visual Studio Version 17
VisualStudioVersion = 17.8.34309.116
MinimumVisualStudioVersion = 10.0.40219.1
Project("{9A19103F-16F7-4668-BE54-9A1E7A4F7556}") = "Infrastructure", "Infrastructure\Infrastructure.csproj", "{BAD39DFC-56C4-40BD-8FEB-0E021637BBDF}"
EndProject
Project("{FAE04EC0-301F-11D3-BF4B-00C04F79EFBC}") = "Presentation", "Presentation\Presentation.csproj", "{E7074C24-821F-4080-B130-ADDD9CB96949}"
EndProject
Global
	GlobalSection(SolutionConfigurationPlatforms) = preSolution
		Debug|Any CPU = Debug|Any CPU
		Release|Any CPU = Release|Any CPU
	EndGlobalSection
	GlobalSection(ProjectConfigurationPlatforms) = postSolution
		{BAD39DFC-56C4-40BD-8FEB-0E021637BBDF}.Debug|Any CPU.ActiveCfg = Debug|Any CPU
		{BAD39DFC-56C4-40BD-8FEB-0E021637BBDF}.Debug|Any CPU.Build.0 = Debug|Any CPU
		{BAD39DFC-56C4-40BD-8FEB-0E021637BBDF}.Release|Any CPU.ActiveCfg = Release|Any CPU
		{BAD39DFC-56C4-40BD-8FEB-0E021637BBDF}.Release|Any CPU.Build.0 = Release|Any CPU
		{E7074C24-821F-4080-B130-ADDD9CB96949}.Debug|Any CPU.ActiveCfg = Debug|Any CPU
		{E7074C24-821F-4080-B130-ADDD9CB96949}.Debug|Any CPU.Build.0 = Debug|Any CPU
		{E7074C24-821F-4080-B130-ADDD9CB96949}.Release|Any CPU.ActiveCfg = Release|Any CPU
		{E7074C24-821F-4080-B130-ADDD9CB96949}.Release|Any CPU.Build.0 = Release|Any CPU
	EndGlobalSection
	GlobalSection(SolutionProperties) = preSolution
		HideSolutionNode = FALSE
	EndGlobalSection
	GlobalSection(ExtensibilityGlobals) = postSolution
		SolutionGuid = {65F6DD68-3514-4B58-B106-D898AB188CA1}
	EndGlobalSection
EndGlobal
